
Microsoft Visual Studio Solution File, Format Version 12.00
# Visual Studio Version 16
VisualStudioVersion = 16.0.30804.86
MinimumVisualStudioVersion = 10.0.40219.1
Project("{9A19103F-16F7-4668-BE54-9A1E7A4F7556}") = "IS_413_Assignment_5", "IS_413_Assignment_5.csproj", "{66B39CFE-858E-4983-879F-DDD153CB6E7A}"
EndProject
Global
	GlobalSection(SolutionConfigurationPlatforms) = preSolution
		Debug|Any CPU = Debug|Any CPU
		Release|Any CPU = Release|Any CPU
	EndGlobalSection
	GlobalSection(ProjectConfigurationPlatforms) = postSolution
		{66B39CFE-858E-4983-879F-DDD153CB6E7A}.Debug|Any CPU.ActiveCfg = Debug|Any CPU
		{66B39CFE-858E-4983-879F-DDD153CB6E7A}.Debug|Any CPU.Build.0 = Debug|Any CPU
		{66B39CFE-858E-4983-879F-DDD153CB6E7A}.Release|Any CPU.ActiveCfg = Release|Any CPU
		{66B39CFE-858E-4983-879F-DDD153CB6E7A}.Release|Any CPU.Build.0 = Release|Any CPU
	EndGlobalSection
	GlobalSection(SolutionProperties) = preSolution
		HideSolutionNode = FALSE
	EndGlobalSection
	GlobalSection(ExtensibilityGlobals) = postSolution
		SolutionGuid = {3E428352-8D0D-42F2-96DD-6E43F55035CD}
	EndGlobalSection
EndGlobal
